// !$*UTF8*$!
{
	archiveVersion = 1;
	classes = {
	};
	objectVersion = 50;
	objects = {

/* Begin PBXBuildFile section */
		E2DF99A221FDFF1A00D0DA0A /* AppDelegate.swift in Sources */ = {isa = PBXBuildFile; fileRef = E2DF99A121FDFF1A00D0DA0A /* AppDelegate.swift */; };
		E2DF99A421FDFF1A00D0DA0A /* ViewController.swift in Sources */ = {isa = PBXBuildFile; fileRef = E2DF99A321FDFF1A00D0DA0A /* ViewController.swift */; };
		E2DF99A721FDFF1A00D0DA0A /* Main.storyboard in Resources */ = {isa = PBXBuildFile; fileRef = E2DF99A521FDFF1A00D0DA0A /* Main.storyboard */; };
		E2DF99AA21FDFF1A00D0DA0A /* CoreDataMultipleContextExample.xcdatamodeld in Sources */ = {isa = PBXBuildFile; fileRef = E2DF99A821FDFF1A00D0DA0A /* CoreDataMultipleContextExample.xcdatamodeld */; };
		E2DF99AC21FDFF1B00D0DA0A /* Assets.xcassets in Resources */ = {isa = PBXBuildFile; fileRef = E2DF99AB21FDFF1B00D0DA0A /* Assets.xcassets */; };
		E2DF99AF21FDFF1B00D0DA0A /* LaunchScreen.storyboard in Resources */ = {isa = PBXBuildFile; fileRef = E2DF99AD21FDFF1B00D0DA0A /* LaunchScreen.storyboard */; };
/* End PBXBuildFile section */

/* Begin PBXFileReference section */
		E2DF999E21FDFF1A00D0DA0A /* CoreDataMultipleContextExample.app */ = {isa = PBXFileReference; explicitFileType = wrapper.application; includeInIndex = 0; path = CoreDataMultipleContextExample.app; sourceTree = BUILT_PRODUCTS_DIR; };
		E2DF99A121FDFF1A00D0DA0A /* AppDelegate.swift */ = {isa = PBXFileReference; lastKnownFileType = sourcecode.swift; path = AppDelegate.swift; sourceTree = "<group>"; };
		E2DF99A321FDFF1A00D0DA0A /* ViewController.swift */ = {isa = PBXFileReference; lastKnownFileType = sourcecode.swift; path = ViewController.swift; sourceTree = "<group>"; };
		E2DF99A621FDFF1A00D0DA0A /* Base */ = {isa = PBXFileReference; lastKnownFileType = file.storyboard; name = Base; path = Base.lproj/Main.storyboard; sourceTree = "<group>"; };
		E2DF99A921FDFF1A00D0DA0A /* CoreDataMultipleContextExample.xcdatamodel */ = {isa = PBXFileReference; lastKnownFileType = wrapper.xcdatamodel; path = CoreDataMultipleContextExample.xcdatamodel; sourceTree = "<group>"; };
		E2DF99AB21FDFF1B00D0DA0A /* Assets.xcassets */ = {isa = PBXFileReference; lastKnownFileType = folder.assetcatalog; path = Assets.xcassets; sourceTree = "<group>"; };
		E2DF99AE21FDFF1B00D0DA0A /* Base */ = {isa = PBXFileReference; lastKnownFileType = file.storyboard; name = Base; path = Base.lproj/LaunchScreen.storyboard; sourceTree = "<group>"; };
		E2DF99B021FDFF1B00D0DA0A /* Info.plist */ = {isa = PBXFileReference; lastKnownFileType = text.plist.xml; path = Info.plist; sourceTree = "<group>"; };
/* End PBXFileReference section */

/* Begin PBXFrameworksBuildPhase section */
		E2DF999B21FDFF1A00D0DA0A /* Frameworks */ = {
			isa = PBXFrameworksBuildPhase;
			buildActionMask = 2147483647;
			files = (
			);
			runOnlyForDeploymentPostprocessing = 0;
		};
/* End PBXFrameworksBuildPhase section */

/* Begin PBXGroup section */
		E2DF999521FDFF1A00D0DA0A = {
			isa = PBXGroup;
			children = (
				E2DF99A021FDFF1A00D0DA0A /* CoreDataMultipleContextExample */,
				E2DF999F21FDFF1A00D0DA0A /* Products */,
			);
			sourceTree = "<group>";
		};
		E2DF999F21FDFF1A00D0DA0A /* Products */ = {
			isa = PBXGroup;
			children = (
				E2DF999E21FDFF1A00D0DA0A /* CoreDataMultipleContextExample.app */,
			);
			name = Products;
			sourceTree = "<group>";
		};
		E2DF99A021FDFF1A00D0DA0A /* CoreDataMultipleContextExample */ = {
			isa = PBXGroup;
			children = (
				E2DF99A121FDFF1A00D0DA0A /* AppDelegate.swift */,
				E2DF99A321FDFF1A00D0DA0A /* ViewController.swift */,
				E2DF99A521FDFF1A00D0DA0A /* Main.storyboard */,
				E2DF99AB21FDFF1B00D0DA0A /* Assets.xcassets */,
				E2DF99AD21FDFF1B00D0DA0A /* LaunchScreen.storyboard */,
				E2DF99B021FDFF1B00D0DA0A /* Info.plist */,
				E2DF99A821FDFF1A00D0DA0A /* CoreDataMultipleContextExample.xcdatamodeld */,
			);
			path = CoreDataMultipleContextExample;
			sourceTree = "<group>";
		};
/* End PBXGroup section */

/* Begin PBXNativeTarget section */
		E2DF999D21FDFF1A00D0DA0A /* CoreDataMultipleContextExample */ = {
			isa = PBXNativeTarget;
			buildConfigurationList = E2DF99B321FDFF1B00D0DA0A /* Build configuration list for PBXNativeTarget "CoreDataMultipleContextExample" */;
			buildPhases = (
				E2DF999A21FDFF1A00D0DA0A /* Sources */,
				E2DF999B21FDFF1A00D0DA0A /* Frameworks */,
				E2DF999C21FDFF1A00D0DA0A /* Resources */,
			);
			buildRules = (
			);
			dependencies = (
			);
			name = CoreDataMultipleContextExample;
			productName = CoreDataMultipleContextExample;
			productReference = E2DF999E21FDFF1A00D0DA0A /* CoreDataMultipleContextExample.app */;
			productType = "com.apple.product-type.application";
		};
/* End PBXNativeTarget section */

/* Begin PBXProject section */
		E2DF999621FDFF1A00D0DA0A /* Project object */ = {
			isa = PBXProject;
			attributes = {
				LastSwiftUpdateCheck = 1010;
				LastUpgradeCheck = 1010;
				ORGANIZATIONNAME = "Siddhant Mishra";
				TargetAttributes = {
					E2DF999D21FDFF1A00D0DA0A = {
						CreatedOnToolsVersion = 10.1;
					};
				};
			};
			buildConfigurationList = E2DF999921FDFF1A00D0DA0A /* Build configuration list for PBXProject "CoreDataMultipleContextExample" */;
			compatibilityVersion = "Xcode 9.3";
			developmentRegion = en;
			hasScannedForEncodings = 0;
			knownRegions = (
				en,
				Base,
			);
			mainGroup = E2DF999521FDFF1A00D0DA0A;
			productRefGroup = E2DF999F21FDFF1A00D0DA0A /* Products */;
			projectDirPath = "";
			projectRoot = "";
			targets = (
				E2DF999D21FDFF1A00D0DA0A /* CoreDataMultipleContextExample */,
			);
		};
/* End PBXProject section */

/* Begin PBXResourcesBuildPhase section */
		E2DF999C21FDFF1A00D0DA0A /* Resources */ = {
			isa = PBXResourcesBuildPhase;
			buildActionMask = 2147483647;
			files = (
				E2DF99AF21FDFF1B00D0DA0A /* LaunchScreen.storyboard in Resources */,
				E2DF99AC21FDFF1B00D0DA0A /* Assets.xcassets in Resources */,
				E2DF99A721FDFF1A00D0DA0A /* Main.storyboard in Resources */,
			);
			runOnlyForDeploymentPostprocessing = 0;
		};
/* End PBXResourcesBuildPhase section */

/* Begin PBXSourcesBuildPhase section */
		E2DF999A21FDFF1A00D0DA0A /* Sources */ = {
			isa = PBXSourcesBuildPhase;
			buildActionMask = 2147483647;
			files = (
				E2DF99AA21FDFF1A00D0DA0A /* CoreDataMultipleContextExample.xcdatamodeld in Sources */,
				E2DF99A421FDFF1A00D0DA0A /* ViewController.swift in Sources */,
				E2DF99A221FDFF1A00D0DA0A /* AppDelegate.swift in Sources */,
			);
			runOnlyForDeploymentPostprocessing = 0;
		};
/* End PBXSourcesBuildPhase section */

/* Begin PBXVariantGroup section */
		E2DF99A521FDFF1A00D0DA0A /* Main.storyboard */ = {
			isa = PBXVariantGroup;
			children = (
				E2DF99A621FDFF1A00D0DA0A /* Base */,
			);
			name = Main.storyboard;
			sourceTree = "<group>";
		};
		E2DF99AD21FDFF1B00D0DA0A /* LaunchScreen.storyboard */ = {
			isa = PBXVariantGroup;
			children = (
				E2DF99AE21FDFF1B00D0DA0A /* Base */,
			);
			name = LaunchScreen.storyboard;
			sourceTree = "<group>";
		};
/* End PBXVariantGroup section */

/* Begin XCBuildConfiguration section */
		E2DF99B121FDFF1B00D0DA0A /* Debug */ = {
			isa = XCBuildConfiguration;
			buildSettings = {
				ALWAYS_SEARCH_USER_PATHS = NO;
				CLANG_ANALYZER_NONNULL = YES;
				CLANG_ANALYZER_NUMBER_OBJECT_CONVERSION = YES_AGGRESSIVE;
				CLANG_CXX_LANGUAGE_STANDARD = "gnu++14";
				CLANG_CXX_LIBRARY = "libc++";
				CLANG_ENABLE_MODULES = YES;
				CLANG_ENABLE_OBJC_ARC = YES;
				CLANG_ENABLE_OBJC_WEAK = YES;
				CLANG_WARN_BLOCK_CAPTURE_AUTORELEASING = YES;
				CLANG_WARN_BOOL_CONVERSION = YES;
				CLANG_WARN_COMMA = YES;
				CLANG_WARN_CONSTANT_CONVERSION = YES;
				CLANG_WARN_DEPRECATED_OBJC_IMPLEMENTATIONS = YES;
				CLANG_WARN_DIRECT_OBJC_ISA_USAGE = YES_ERROR;
				CLANG_WARN_DOCUMENTATION_COMMENTS = YES;
				CLANG_WARN_EMPTY_BODY = YES;
				CLANG_WARN_ENUM_CONVERSION = YES;
				CLANG_WARN_INFINITE_RECURSION = YES;
				CLANG_WARN_INT_CONVERSION = YES;
				CLANG_WARN_NON_LITERAL_NULL_CONVERSION = YES;
				CLANG_WARN_OBJC_IMPLICIT_RETAIN_SELF = YES;
				CLANG_WARN_OBJC_LITERAL_CONVERSION = YES;
				CLANG_WARN_OBJC_ROOT_CLASS = YES_ERROR;
				CLANG_WARN_RANGE_LOOP_ANALYSIS = YES;
				CLANG_WARN_STRICT_PROTOTYPES = YES;
				CLANG_WARN_SUSPICIOUS_MOVE = YES;
				CLANG_WARN_UNGUARDED_AVAILABILITY = YES_AGGRESSIVE;
				CLANG_WARN_UNREACHABLE_CODE = YES;
				CLANG_WARN__DUPLICATE_METHOD_MATCH = YES;
				CODE_SIGN_IDENTITY = "iPhone Developer";
				COPY_PHASE_STRIP = NO;
				DEBUG_INFORMATION_FORMAT = dwarf;
				ENABLE_STRICT_OBJC_MSGSEND = YES;
				ENABLE_TESTABILITY = YES;
				GCC_C_LANGUAGE_STANDARD = gnu11;
				GCC_DYNAMIC_NO_PIC = NO;
				GCC_NO_COMMON_BLOCKS = YES;
				GCC_OPTIMIZATION_LEVEL = 0;
				GCC_PREPROCESSOR_DEFINITIONS = (
					"DEBUG=1",
					"$(inherited)",
				);
				GCC_WARN_64_TO_32_BIT_CONVERSION = YES;
				GCC_WARN_ABOUT_RETURN_TYPE = YES_ERROR;
				GCC_WARN_UNDECLARED_SELECTOR = YES;
				GCC_WARN_UNINITIALIZED_AUTOS = YES_AGGRESSIVE;
				GCC_WARN_UNUSED_FUNCTION = YES;
				GCC_WARN_UNUSED_VARIABLE = YES;
				IPHONEOS_DEPLOYMENT_TARGET = 12.1;
				MTL_ENABLE_DEBUG_INFO = INCLUDE_SOURCE;
				MTL_FAST_MATH = YES;
				ONLY_ACTIVE_ARCH = YES;
				SDKROOT = iphoneos;
				SWIFT_ACTIVE_COMPILATION_CONDITIONS = DEBUG;
				SWIFT_OPTIMIZATION_LEVEL = "-Onone";
			};
			name = Debug;
		};
		E2DF99B221FDFF1B00D0DA0A /* Release */ = {
			isa = XCBuildConfiguration;
			buildSettings = {
				ALWAYS_SEARCH_USER_PATHS = NO;
				CLANG_ANALYZER_NONNULL = YES;
				CLANG_ANALYZER_NUMBER_OBJECT_CONVERSION = YES_AGGRESSIVE;
				CLANG_CXX_LANGUAGE_STANDARD = "gnu++14";
				CLANG_CXX_LIBRARY = "libc++";
				CLANG_ENABLE_MODULES = YES;
				CLANG_ENABLE_OBJC_ARC = YES;
				CLANG_ENABLE_OBJC_WEAK = YES;
				CLANG_WARN_BLOCK_CAPTURE_AUTORELEASING = YES;
				CLANG_WARN_BOOL_CONVERSION = YES;
				CLANG_WARN_COMMA = YES;
				CLANG_WARN_CONSTANT_CONVERSION = YES;
				CLANG_WARN_DEPRECATED_OBJC_IMPLEMENTATIONS = YES;
				CLANG_WARN_DIRECT_OBJC_ISA_USAGE = YES_ERROR;
				CLANG_WARN_DOCUMENTATION_COMMENTS = YES;
				CLANG_WARN_EMPTY_BODY = YES;
				CLANG_WARN_ENUM_CONVERSION = YES;
				CLANG_WARN_INFINITE_RECURSION = YES;
				CLANG_WARN_INT_CONVERSION = YES;
				CLANG_WARN_NON_LITERAL_NULL_CONVERSION = YES;
				CLANG_WARN_OBJC_IMPLICIT_RETAIN_SELF = YES;
				CLANG_WARN_OBJC_LITERAL_CONVERSION = YES;
				CLANG_WARN_OBJC_ROOT_CLASS = YES_ERROR;
				CLANG_WARN_RANGE_LOOP_ANALYSIS = YES;
				CLANG_WARN_STRICT_PROTOTYPES = YES;
				CLANG_WARN_SUSPICIOUS_MOVE = YES;
				CLANG_WARN_UNGUARDED_AVAILABILITY = YES_AGGRESSIVE;
				CLANG_WARN_UNREACHABLE_CODE = YES;
				CLANG_WARN__DUPLICATE_METHOD_MATCH = YES;
				CODE_SIGN_IDENTITY = "iPhone Developer";
				COPY_PHASE_STRIP = NO;
				DEBUG_INFORMATION_FORMAT = "dwarf-with-dsym";
				ENABLE_NS_ASSERTIONS = NO;
				ENABLE_STRICT_OBJC_MSGSEND = YES;
				GCC_C_LANGUAGE_STANDARD = gnu11;
				GCC_NO_COMMON_BLOCKS = YES;
				GCC_WARN_64_TO_32_BIT_CONVERSION = YES;
				GCC_WARN_ABOUT_RETURN_TYPE = YES_ERROR;
				GCC_WARN_UNDECLARED_SELECTOR = YES;
				GCC_WARN_UNINITIALIZED_AUTOS = YES_AGGRESSIVE;
				GCC_WARN_UNUSED_FUNCTION = YES;
				GCC_WARN_UNUSED_VARIABLE = YES;
				IPHONEOS_DEPLOYMENT_TARGET = 12.1;
				MTL_ENABLE_DEBUG_INFO = NO;
				MTL_FAST_MATH = YES;
				SDKROOT = iphoneos;
				SWIFT_COMPILATION_MODE = wholemodule;
				SWIFT_OPTIMIZATION_LEVEL = "-O";
				VALIDATE_PRODUCT = YES;
			};
			name = Release;
		};
		E2DF99B421FDFF1B00D0DA0A /* Debug */ = {
			isa = XCBuildConfiguration;
			buildSettings = {
				ASSETCATALOG_COMPILER_APPICON_NAME = AppIcon;
				CODE_SIGN_STYLE = Automatic;
				INFOPLIST_FILE = CoreDataMultipleContextExample/Info.plist;
				LD_RUNPATH_SEARCH_PATHS = (
					"$(inherited)",
					"@executable_path/Frameworks",
				);
				PRODUCT_BUNDLE_IDENTIFIER = com.siddhant.coreDataMultipleContext.CoreDataMultipleContextExample;
				PRODUCT_NAME = "$(TARGET_NAME)";
				SWIFT_VERSION = 4.2;
				TARGETED_DEVICE_FAMILY = "1,2";
			};
			name = Debug;
		};
		E2DF99B521FDFF1B00D0DA0A /* Release */ = {
			isa = XCBuildConfiguration;
			buildSettings = {
				ASSETCATALOG_COMPILER_APPICON_NAME = AppIcon;
				CODE_SIGN_STYLE = Automatic;
				INFOPLIST_FILE = CoreDataMultipleContextExample/Info.plist;
				LD_RUNPATH_SEARCH_PATHS = (
					"$(inherited)",
					"@executable_path/Frameworks",
				);
				PRODUCT_BUNDLE_IDENTIFIER = com.siddhant.coreDataMultipleContext.CoreDataMultipleContextExample;
				PRODUCT_NAME = "$(TARGET_NAME)";
				SWIFT_VERSION = 4.2;
				TARGETED_DEVICE_FAMILY = "1,2";
			};
			name = Release;
		};
/* End XCBuildConfiguration section */

/* Begin XCConfigurationList section */
		E2DF999921FDFF1A00D0DA0A /* Build configuration list for PBXProject "CoreDataMultipleContextExample" */ = {
			isa = XCConfigurationList;
			buildConfigurations = (
				E2DF99B121FDFF1B00D0DA0A /* Debug */,
				E2DF99B221FDFF1B00D0DA0A /* Release */,
			);
			defaultConfigurationIsVisible = 0;
			defaultConfigurationName = Release;
		};
		E2DF99B321FDFF1B00D0DA0A /* Build configuration list for PBXNativeTarget "CoreDataMultipleContextExample" */ = {
			isa = XCConfigurationList;
			buildConfigurations = (
				E2DF99B421FDFF1B00D0DA0A /* Debug */,
				E2DF99B521FDFF1B00D0DA0A /* Release */,
			);
			defaultConfigurationIsVisible = 0;
			defaultConfigurationName = Release;
		};
/* End XCConfigurationList section */

/* Begin XCVersionGroup section */
		E2DF99A821FDFF1A00D0DA0A /* CoreDataMultipleContextExample.xcdatamodeld */ = {
			isa = XCVersionGroup;
			children = (
				E2DF99A921FDFF1A00D0DA0A /* CoreDataMultipleContextExample.xcdatamodel */,
			);
			currentVersion = E2DF99A921FDFF1A00D0DA0A /* CoreDataMultipleContextExample.xcdatamodel */;
			path = CoreDataMultipleContextExample.xcdatamodeld;
			sourceTree = "<group>";
			versionGroupType = wrapper.xcdatamodel;
		};
/* End XCVersionGroup section */
	};
	rootObject = E2DF999621FDFF1A00D0DA0A /* Project object */;
}
